
Microsoft Visual Studio Solution File, Format Version 12.00
# Visual Studio Version 17
VisualStudioVersion = 17.9.34728.123
MinimumVisualStudioVersion = 10.0.40219.1
Project("{FAE04EC0-301F-11D3-BF4B-00C04F79EFBC}") = "cinemaximum1", "cinemaximum1.csproj", "{05FE5751-4A04-4257-AFE8-E3804EA1C271}"
EndProject
Global
	GlobalSection(SolutionConfigurationPlatforms) = preSolution
		Debug|Any CPU = Debug|Any CPU
		Release|Any CPU = Release|Any CPU
	EndGlobalSection
	GlobalSection(ProjectConfigurationPlatforms) = postSolution
		{05FE5751-4A04-4257-AFE8-E3804EA1C271}.Debug|Any CPU.ActiveCfg = Debug|Any CPU
		{05FE5751-4A04-4257-AFE8-E3804EA1C271}.Debug|Any CPU.Build.0 = Debug|Any CPU
		{05FE5751-4A04-4257-AFE8-E3804EA1C271}.Release|Any CPU.ActiveCfg = Release|Any CPU
		{05FE5751-4A04-4257-AFE8-E3804EA1C271}.Release|Any CPU.Build.0 = Release|Any CPU
	EndGlobalSection
	GlobalSection(SolutionProperties) = preSolution
		HideSolutionNode = FALSE
	EndGlobalSection
	GlobalSection(ExtensibilityGlobals) = postSolution
		SolutionGuid = {AE02E372-9C86-4A12-9857-8439AB4AFC60}
	EndGlobalSection
EndGlobal
